
Microsoft Visual Studio Solution File, Format Version 12.00
# Visual Studio 15
VisualStudioVersion = 15.0.28010.2048
MinimumVisualStudioVersion = 10.0.40219.1
Project("{FAE04EC0-301F-11D3-BF4B-00C04F79EFBC}") = "InterfaceSegregationPrinciple", "InterfaceSegregationPrinciple\InterfaceSegregationPrinciple.csproj", "{6EC6F8AD-0036-450F-8B4D-D69E919AC589}"
EndProject
Global
	GlobalSection(SolutionConfigurationPlatforms) = preSolution
		Debug|Any CPU = Debug|Any CPU
		Release|Any CPU = Release|Any CPU
	EndGlobalSection
	GlobalSection(ProjectConfigurationPlatforms) = postSolution
		{6EC6F8AD-0036-450F-8B4D-D69E919AC589}.Debug|Any CPU.ActiveCfg = Debug|Any CPU
		{6EC6F8AD-0036-450F-8B4D-D69E919AC589}.Debug|Any CPU.Build.0 = Debug|Any CPU
		{6EC6F8AD-0036-450F-8B4D-D69E919AC589}.Release|Any CPU.ActiveCfg = Release|Any CPU
		{6EC6F8AD-0036-450F-8B4D-D69E919AC589}.Release|Any CPU.Build.0 = Release|Any CPU
	EndGlobalSection
	GlobalSection(SolutionProperties) = preSolution
		HideSolutionNode = FALSE
	EndGlobalSection
	GlobalSection(ExtensibilityGlobals) = postSolution
		SolutionGuid = {752D37AA-9A13-4629-82AC-5C0270A1AAD3}
	EndGlobalSection
EndGlobal
